
Microsoft Visual Studio Solution File, Format Version 12.00
# Visual Studio Version 16
VisualStudioVersion = 16.0.30128.74
MinimumVisualStudioVersion = 10.0.40219.1
Project("{FAE04EC0-301F-11D3-BF4B-00C04F79EFBC}") = "Register", "Register\Register.csproj", "{ACD7ACD3-8241-4F45-9761-BAF5C9BF50B2}"
EndProject
Project("{FAE04EC0-301F-11D3-BF4B-00C04F79EFBC}") = "SingleVerification", "SingleVerification\SingleVerification.csproj", "{0E93B48D-A899-4372-ADDC-ADAF966B430C}"
EndProject
Project("{FAE04EC0-301F-11D3-BF4B-00C04F79EFBC}") = "Background", "Background\Background.csproj", "{9EC775E3-D0D3-4F0A-ADA2-73ED74C30EE4}"
EndProject
Project("{FAE04EC0-301F-11D3-BF4B-00C04F79EFBC}") = "ACE", "ACE\ACE.csproj", "{FB774343-20D2-4A1A-AE29-70F261D7EDBC}"
EndProject
Project("{FAE04EC0-301F-11D3-BF4B-00C04F79EFBC}") = "BaseStartup", "Startup\BaseStartup.csproj", "{0D3F1343-AFDA-45A6-A166-FDF54E77F273}"
EndProject
Project("{FAE04EC0-301F-11D3-BF4B-00C04F79EFBC}") = "REC", "REC\REC.csproj", "{7725876D-66C6-487D-AC02-5179E0A17C53}"
EndProject
Project("{FAE04EC0-301F-11D3-BF4B-00C04F79EFBC}") = "PEC", "PEC\PEC.csproj", "{ACBDFC33-5CC7-4778-994B-566AAB5B4803}"
EndProject
Project("{FAE04EC0-301F-11D3-BF4B-00C04F79EFBC}") = "BaseDLL", "BaseDLL\BaseDLL.csproj", "{73301961-FD42-46C6-B2FE-F95D3F860598}"
EndProject
Project("{FAE04EC0-301F-11D3-BF4B-00C04F79EFBC}") = "BaseUtil", "BaseUtil\BaseUtil.csproj", "{90DE3B02-7DE2-434C-8028-535D094310C5}"
EndProject
Project("{FAE04EC0-301F-11D3-BF4B-00C04F79EFBC}") = "BaseDLL1", "BaseDLL1\BaseDLL1.csproj", "{76F9A581-94DC-4C44-A165-5C4C0C371848}"
EndProject
Project("{FAE04EC0-301F-11D3-BF4B-00C04F79EFBC}") = "BaseDLL2", "BaseDLL2\BaseDLL2.csproj", "{7B71F589-8320-456B-A2AB-5F2A9FBB438D}"
EndProject
Project("{FAE04EC0-301F-11D3-BF4B-00C04F79EFBC}") = "EXCHeiFei", "EXCHeiFei\EXCHeiFei.csproj", "{8FBCBFD5-37A5-4BEA-81CE-2ADC99D58753}"
EndProject
Project("{FAE04EC0-301F-11D3-BF4B-00C04F79EFBC}") = "EXCWeiHai", "EXCWeiHai\EXCWeiHai.csproj", "{E50EB135-606C-4CA9-92CF-411C09ABEA64}"
EndProject
Project("{FAE04EC0-301F-11D3-BF4B-00C04F79EFBC}") = "REC1", "REC1\REC1.csproj", "{F4B6F244-5259-4741-91B6-29D3E18BBF67}"
EndProject
Project("{FAE04EC0-301F-11D3-BF4B-00C04F79EFBC}") = "XinHua", "XinHua\XinHua.csproj", "{73B8B16E-B691-486B-AB40-7FFB13BA0B35}"
EndProject
Project("{FAE04EC0-301F-11D3-BF4B-00C04F79EFBC}") = "CXT", "CXT\CXT.csproj", "{A6A65C2E-447C-4A6D-92A0-2ED8628917B9}"
EndProject
Project("{FAE04EC0-301F-11D3-BF4B-00C04F79EFBC}") = "RECSuzhou", "RECSuzhou\RECSuzhou.csproj", "{52901DD3-5254-421F-AFF6-83FD58FE54A9}"
EndProject
Project("{FAE04EC0-301F-11D3-BF4B-00C04F79EFBC}") = "EXCWeiHaiLinGang", "EXCWeiHaiLinGang\EXCWeiHaiLinGang.csproj", "{1F1E3BD9-D892-4F85-9A11-04E4D5CAD28D}"
EndProject
Project("{FAE04EC0-301F-11D3-BF4B-00C04F79EFBC}") = "EXC", "EXC\EXC.csproj", "{C118F2ED-A94B-4351-90D5-C81CBCD2A980}"
EndProject
Project("{FAE04EC0-301F-11D3-BF4B-00C04F79EFBC}") = "EXCYiXing", "EXCYiXing\EXCYiXing.csproj", "{A2479F3D-4C1A-420B-82BF-76653F0B4B1E}"
EndProject
Project("{FAE04EC0-301F-11D3-BF4B-00C04F79EFBC}") = "EXCXuanCheng", "EXCXuanCheng\EXCXuanCheng.csproj", "{7B550835-E0DC-4CD2-88F2-8A4A3616F6EB}"
EndProject
Project("{FAE04EC0-301F-11D3-BF4B-00C04F79EFBC}") = "RECSuzhouDesk", "RECSuzhouDesk\RECSuzhouDesk.csproj", "{D6A97F70-4FA8-499D-AA91-470F25EF164A}"
EndProject
Global
	GlobalSection(SolutionConfigurationPlatforms) = preSolution
		Debug|AMD64 = Debug|AMD64
		Debug|Any CPU = Debug|Any CPU
		Debug|x64 = Debug|x64
		Debug|x86 = Debug|x86
		Release|AMD64 = Release|AMD64
		Release|Any CPU = Release|Any CPU
		Release|x64 = Release|x64
		Release|x86 = Release|x86
		sss|AMD64 = sss|AMD64
		sss|Any CPU = sss|Any CPU
		sss|x64 = sss|x64
		sss|x86 = sss|x86
	EndGlobalSection
	GlobalSection(ProjectConfigurationPlatforms) = postSolution
		{ACD7ACD3-8241-4F45-9761-BAF5C9BF50B2}.Debug|AMD64.ActiveCfg = Debug|Any CPU
		{ACD7ACD3-8241-4F45-9761-BAF5C9BF50B2}.Debug|AMD64.Build.0 = Debug|Any CPU
		{ACD7ACD3-8241-4F45-9761-BAF5C9BF50B2}.Debug|Any CPU.ActiveCfg = Debug|Any CPU
		{ACD7ACD3-8241-4F45-9761-BAF5C9BF50B2}.Debug|Any CPU.Build.0 = Debug|Any CPU
		{ACD7ACD3-8241-4F45-9761-BAF5C9BF50B2}.Debug|x64.ActiveCfg = Debug|Any CPU
		{ACD7ACD3-8241-4F45-9761-BAF5C9BF50B2}.Debug|x64.Build.0 = Debug|Any CPU
		{ACD7ACD3-8241-4F45-9761-BAF5C9BF50B2}.Debug|x86.ActiveCfg = Debug|Any CPU
		{ACD7ACD3-8241-4F45-9761-BAF5C9BF50B2}.Debug|x86.Build.0 = Debug|Any CPU
		{ACD7ACD3-8241-4F45-9761-BAF5C9BF50B2}.Release|AMD64.ActiveCfg = Release|Any CPU
		{ACD7ACD3-8241-4F45-9761-BAF5C9BF50B2}.Release|AMD64.Build.0 = Release|Any CPU
		{ACD7ACD3-8241-4F45-9761-BAF5C9BF50B2}.Release|Any CPU.ActiveCfg = Release|Any CPU
		{ACD7ACD3-8241-4F45-9761-BAF5C9BF50B2}.Release|Any CPU.Build.0 = Release|Any CPU
		{ACD7ACD3-8241-4F45-9761-BAF5C9BF50B2}.Release|x64.ActiveCfg = Release|Any CPU
		{ACD7ACD3-8241-4F45-9761-BAF5C9BF50B2}.Release|x64.Build.0 = Release|Any CPU
		{ACD7ACD3-8241-4F45-9761-BAF5C9BF50B2}.Release|x86.ActiveCfg = Release|Any CPU
		{ACD7ACD3-8241-4F45-9761-BAF5C9BF50B2}.Release|x86.Build.0 = Release|Any CPU
		{ACD7ACD3-8241-4F45-9761-BAF5C9BF50B2}.sss|AMD64.ActiveCfg = Release|Any CPU
		{ACD7ACD3-8241-4F45-9761-BAF5C9BF50B2}.sss|AMD64.Build.0 = Release|Any CPU
		{ACD7ACD3-8241-4F45-9761-BAF5C9BF50B2}.sss|Any CPU.ActiveCfg = Release|Any CPU
		{ACD7ACD3-8241-4F45-9761-BAF5C9BF50B2}.sss|Any CPU.Build.0 = Release|Any CPU
		{ACD7ACD3-8241-4F45-9761-BAF5C9BF50B2}.sss|x64.ActiveCfg = Release|Any CPU
		{ACD7ACD3-8241-4F45-9761-BAF5C9BF50B2}.sss|x64.Build.0 = Release|Any CPU
		{ACD7ACD3-8241-4F45-9761-BAF5C9BF50B2}.sss|x86.ActiveCfg = Release|Any CPU
		{ACD7ACD3-8241-4F45-9761-BAF5C9BF50B2}.sss|x86.Build.0 = Release|Any CPU
		{0E93B48D-A899-4372-ADDC-ADAF966B430C}.Debug|AMD64.ActiveCfg = Debug|Any CPU
		{0E93B48D-A899-4372-ADDC-ADAF966B430C}.Debug|AMD64.Build.0 = Debug|Any CPU
		{0E93B48D-A899-4372-ADDC-ADAF966B430C}.Debug|Any CPU.ActiveCfg = Debug|Any CPU
		{0E93B48D-A899-4372-ADDC-ADAF966B430C}.Debug|Any CPU.Build.0 = Debug|Any CPU
		{0E93B48D-A899-4372-ADDC-ADAF966B430C}.Debug|x64.ActiveCfg = Debug|Any CPU
		{0E93B48D-A899-4372-ADDC-ADAF966B430C}.Debug|x64.Build.0 = Debug|Any CPU
		{0E93B48D-A899-4372-ADDC-ADAF966B430C}.Debug|x86.ActiveCfg = Debug|Any CPU
		{0E93B48D-A899-4372-ADDC-ADAF966B430C}.Debug|x86.Build.0 = Debug|Any CPU
		{0E93B48D-A899-4372-ADDC-ADAF966B430C}.Release|AMD64.ActiveCfg = Release|Any CPU
		{0E93B48D-A899-4372-ADDC-ADAF966B430C}.Release|AMD64.Build.0 = Release|Any CPU
		{0E93B48D-A899-4372-ADDC-ADAF966B430C}.Release|Any CPU.ActiveCfg = Release|Any CPU
		{0E93B48D-A899-4372-ADDC-ADAF966B430C}.Release|Any CPU.Build.0 = Release|Any CPU
		{0E93B48D-A899-4372-ADDC-ADAF966B430C}.Release|x64.ActiveCfg = Release|Any CPU
		{0E93B48D-A899-4372-ADDC-ADAF966B430C}.Release|x64.Build.0 = Release|Any CPU
		{0E93B48D-A899-4372-ADDC-ADAF966B430C}.Release|x86.ActiveCfg = Release|Any CPU
		{0E93B48D-A899-4372-ADDC-ADAF966B430C}.Release|x86.Build.0 = Release|Any CPU
		{0E93B48D-A899-4372-ADDC-ADAF966B430C}.sss|AMD64.ActiveCfg = Release|Any CPU
		{0E93B48D-A899-4372-ADDC-ADAF966B430C}.sss|AMD64.Build.0 = Release|Any CPU
		{0E93B48D-A899-4372-ADDC-ADAF966B430C}.sss|Any CPU.ActiveCfg = Release|Any CPU
		{0E93B48D-A899-4372-ADDC-ADAF966B430C}.sss|Any CPU.Build.0 = Release|Any CPU
		{0E93B48D-A899-4372-ADDC-ADAF966B430C}.sss|x64.ActiveCfg = Release|Any CPU
		{0E93B48D-A899-4372-ADDC-ADAF966B430C}.sss|x64.Build.0 = Release|Any CPU
		{0E93B48D-A899-4372-ADDC-ADAF966B430C}.sss|x86.ActiveCfg = Release|Any CPU
		{0E93B48D-A899-4372-ADDC-ADAF966B430C}.sss|x86.Build.0 = Release|Any CPU
		{9EC775E3-D0D3-4F0A-ADA2-73ED74C30EE4}.Debug|AMD64.ActiveCfg = Debug|Any CPU
		{9EC775E3-D0D3-4F0A-ADA2-73ED74C30EE4}.Debug|AMD64.Build.0 = Debug|Any CPU
		{9EC775E3-D0D3-4F0A-ADA2-73ED74C30EE4}.Debug|Any CPU.ActiveCfg = Debug|Any CPU
		{9EC775E3-D0D3-4F0A-ADA2-73ED74C30EE4}.Debug|Any CPU.Build.0 = Debug|Any CPU
		{9EC775E3-D0D3-4F0A-ADA2-73ED74C30EE4}.Debug|x64.ActiveCfg = Debug|Any CPU
		{9EC775E3-D0D3-4F0A-ADA2-73ED74C30EE4}.Debug|x64.Build.0 = Debug|Any CPU
		{9EC775E3-D0D3-4F0A-ADA2-73ED74C30EE4}.Debug|x86.ActiveCfg = Debug|Any CPU
		{9EC775E3-D0D3-4F0A-ADA2-73ED74C30EE4}.Debug|x86.Build.0 = Debug|Any CPU
		{9EC775E3-D0D3-4F0A-ADA2-73ED74C30EE4}.Release|AMD64.ActiveCfg = Release|Any CPU
		{9EC775E3-D0D3-4F0A-ADA2-73ED74C30EE4}.Release|AMD64.Build.0 = Release|Any CPU
		{9EC775E3-D0D3-4F0A-ADA2-73ED74C30EE4}.Release|Any CPU.ActiveCfg = Release|Any CPU
		{9EC775E3-D0D3-4F0A-ADA2-73ED74C30EE4}.Release|Any CPU.Build.0 = Release|Any CPU
		{9EC775E3-D0D3-4F0A-ADA2-73ED74C30EE4}.Release|x64.ActiveCfg = Release|Any CPU
		{9EC775E3-D0D3-4F0A-ADA2-73ED74C30EE4}.Release|x64.Build.0 = Release|Any CPU
		{9EC775E3-D0D3-4F0A-ADA2-73ED74C30EE4}.Release|x86.ActiveCfg = Release|Any CPU
		{9EC775E3-D0D3-4F0A-ADA2-73ED74C30EE4}.Release|x86.Build.0 = Release|Any CPU
		{9EC775E3-D0D3-4F0A-ADA2-73ED74C30EE4}.sss|AMD64.ActiveCfg = Release|Any CPU
		{9EC775E3-D0D3-4F0A-ADA2-73ED74C30EE4}.sss|AMD64.Build.0 = Release|Any CPU
		{9EC775E3-D0D3-4F0A-ADA2-73ED74C30EE4}.sss|Any CPU.ActiveCfg = Release|Any CPU
		{9EC775E3-D0D3-4F0A-ADA2-73ED74C30EE4}.sss|Any CPU.Build.0 = Release|Any CPU
		{9EC775E3-D0D3-4F0A-ADA2-73ED74C30EE4}.sss|x64.ActiveCfg = Release|Any CPU
		{9EC775E3-D0D3-4F0A-ADA2-73ED74C30EE4}.sss|x64.Build.0 = Release|Any CPU
		{9EC775E3-D0D3-4F0A-ADA2-73ED74C30EE4}.sss|x86.ActiveCfg = Release|Any CPU
		{9EC775E3-D0D3-4F0A-ADA2-73ED74C30EE4}.sss|x86.Build.0 = Release|Any CPU
		{FB774343-20D2-4A1A-AE29-70F261D7EDBC}.Debug|AMD64.ActiveCfg = Debug|Any CPU
		{FB774343-20D2-4A1A-AE29-70F261D7EDBC}.Debug|AMD64.Build.0 = Debug|Any CPU
		{FB774343-20D2-4A1A-AE29-70F261D7EDBC}.Debug|Any CPU.ActiveCfg = Debug|Any CPU
		{FB774343-20D2-4A1A-AE29-70F261D7EDBC}.Debug|Any CPU.Build.0 = Debug|Any CPU
		{FB774343-20D2-4A1A-AE29-70F261D7EDBC}.Debug|x64.ActiveCfg = Debug|Any CPU
		{FB774343-20D2-4A1A-AE29-70F261D7EDBC}.Debug|x64.Build.0 = Debug|Any CPU
		{FB774343-20D2-4A1A-AE29-70F261D7EDBC}.Debug|x86.ActiveCfg = Debug|Any CPU
		{FB774343-20D2-4A1A-AE29-70F261D7EDBC}.Debug|x86.Build.0 = Debug|Any CPU
		{FB774343-20D2-4A1A-AE29-70F261D7EDBC}.Release|AMD64.ActiveCfg = Release|Any CPU
		{FB774343-20D2-4A1A-AE29-70F261D7EDBC}.Release|AMD64.Build.0 = Release|Any CPU
		{FB774343-20D2-4A1A-AE29-70F261D7EDBC}.Release|Any CPU.ActiveCfg = Release|Any CPU
		{FB774343-20D2-4A1A-AE29-70F261D7EDBC}.Release|Any CPU.Build.0 = Release|Any CPU
		{FB774343-20D2-4A1A-AE29-70F261D7EDBC}.Release|x64.ActiveCfg = Release|Any CPU
		{FB774343-20D2-4A1A-AE29-70F261D7EDBC}.Release|x64.Build.0 = Release|Any CPU
		{FB774343-20D2-4A1A-AE29-70F261D7EDBC}.Release|x86.ActiveCfg = Release|Any CPU
		{FB774343-20D2-4A1A-AE29-70F261D7EDBC}.Release|x86.Build.0 = Release|Any CPU
		{FB774343-20D2-4A1A-AE29-70F261D7EDBC}.sss|AMD64.ActiveCfg = Release|Any CPU
		{FB774343-20D2-4A1A-AE29-70F261D7EDBC}.sss|AMD64.Build.0 = Release|Any CPU
		{FB774343-20D2-4A1A-AE29-70F261D7EDBC}.sss|Any CPU.ActiveCfg = Release|Any CPU
		{FB774343-20D2-4A1A-AE29-70F261D7EDBC}.sss|Any CPU.Build.0 = Release|Any CPU
		{FB774343-20D2-4A1A-AE29-70F261D7EDBC}.sss|x64.ActiveCfg = Release|Any CPU
		{FB774343-20D2-4A1A-AE29-70F261D7EDBC}.sss|x64.Build.0 = Release|Any CPU
		{FB774343-20D2-4A1A-AE29-70F261D7EDBC}.sss|x86.ActiveCfg = Release|Any CPU
		{FB774343-20D2-4A1A-AE29-70F261D7EDBC}.sss|x86.Build.0 = Release|Any CPU
		{0D3F1343-AFDA-45A6-A166-FDF54E77F273}.Debug|AMD64.ActiveCfg = Debug|Any CPU
		{0D3F1343-AFDA-45A6-A166-FDF54E77F273}.Debug|AMD64.Build.0 = Debug|Any CPU
		{0D3F1343-AFDA-45A6-A166-FDF54E77F273}.Debug|Any CPU.ActiveCfg = Debug|Any CPU
		{0D3F1343-AFDA-45A6-A166-FDF54E77F273}.Debug|Any CPU.Build.0 = Debug|Any CPU
		{0D3F1343-AFDA-45A6-A166-FDF54E77F273}.Debug|x64.ActiveCfg = Debug|Any CPU
		{0D3F1343-AFDA-45A6-A166-FDF54E77F273}.Debug|x64.Build.0 = Debug|Any CPU
		{0D3F1343-AFDA-45A6-A166-FDF54E77F273}.Debug|x86.ActiveCfg = Debug|Any CPU
		{0D3F1343-AFDA-45A6-A166-FDF54E77F273}.Debug|x86.Build.0 = Debug|Any CPU
		{0D3F1343-AFDA-45A6-A166-FDF54E77F273}.Release|AMD64.ActiveCfg = Release|Any CPU
		{0D3F1343-AFDA-45A6-A166-FDF54E77F273}.Release|AMD64.Build.0 = Release|Any CPU
		{0D3F1343-AFDA-45A6-A166-FDF54E77F273}.Release|Any CPU.ActiveCfg = Release|Any CPU
		{0D3F1343-AFDA-45A6-A166-FDF54E77F273}.Release|Any CPU.Build.0 = Release|Any CPU
		{0D3F1343-AFDA-45A6-A166-FDF54E77F273}.Release|x64.ActiveCfg = Release|Any CPU
		{0D3F1343-AFDA-45A6-A166-FDF54E77F273}.Release|x64.Build.0 = Release|Any CPU
		{0D3F1343-AFDA-45A6-A166-FDF54E77F273}.Release|x86.ActiveCfg = Release|Any CPU
		{0D3F1343-AFDA-45A6-A166-FDF54E77F273}.Release|x86.Build.0 = Release|Any CPU
		{0D3F1343-AFDA-45A6-A166-FDF54E77F273}.sss|AMD64.ActiveCfg = Release|Any CPU
		{0D3F1343-AFDA-45A6-A166-FDF54E77F273}.sss|AMD64.Build.0 = Release|Any CPU
		{0D3F1343-AFDA-45A6-A166-FDF54E77F273}.sss|Any CPU.ActiveCfg = Release|Any CPU
		{0D3F1343-AFDA-45A6-A166-FDF54E77F273}.sss|Any CPU.Build.0 = Release|Any CPU
		{0D3F1343-AFDA-45A6-A166-FDF54E77F273}.sss|x64.ActiveCfg = Release|Any CPU
		{0D3F1343-AFDA-45A6-A166-FDF54E77F273}.sss|x64.Build.0 = Release|Any CPU
		{0D3F1343-AFDA-45A6-A166-FDF54E77F273}.sss|x86.ActiveCfg = Release|Any CPU
		{0D3F1343-AFDA-45A6-A166-FDF54E77F273}.sss|x86.Build.0 = Release|Any CPU
		{7725876D-66C6-487D-AC02-5179E0A17C53}.Debug|AMD64.ActiveCfg = Debug|Any CPU
		{7725876D-66C6-487D-AC02-5179E0A17C53}.Debug|AMD64.Build.0 = Debug|Any CPU
		{7725876D-66C6-487D-AC02-5179E0A17C53}.Debug|Any CPU.ActiveCfg = Debug|Any CPU
		{7725876D-66C6-487D-AC02-5179E0A17C53}.Debug|Any CPU.Build.0 = Debug|Any CPU
		{7725876D-66C6-487D-AC02-5179E0A17C53}.Debug|x64.ActiveCfg = Debug|Any CPU
		{7725876D-66C6-487D-AC02-5179E0A17C53}.Debug|x64.Build.0 = Debug|Any CPU
		{7725876D-66C6-487D-AC02-5179E0A17C53}.Debug|x86.ActiveCfg = Debug|Any CPU
		{7725876D-66C6-487D-AC02-5179E0A17C53}.Debug|x86.Build.0 = Debug|Any CPU
		{7725876D-66C6-487D-AC02-5179E0A17C53}.Release|AMD64.ActiveCfg = Release|Any CPU
		{7725876D-66C6-487D-AC02-5179E0A17C53}.Release|AMD64.Build.0 = Release|Any CPU
		{7725876D-66C6-487D-AC02-5179E0A17C53}.Release|Any CPU.ActiveCfg = Release|Any CPU
		{7725876D-66C6-487D-AC02-5179E0A17C53}.Release|Any CPU.Build.0 = Release|Any CPU
		{7725876D-66C6-487D-AC02-5179E0A17C53}.Release|x64.ActiveCfg = Release|Any CPU
		{7725876D-66C6-487D-AC02-5179E0A17C53}.Release|x64.Build.0 = Release|Any CPU
		{7725876D-66C6-487D-AC02-5179E0A17C53}.Release|x86.ActiveCfg = Release|Any CPU
		{7725876D-66C6-487D-AC02-5179E0A17C53}.Release|x86.Build.0 = Release|Any CPU
		{7725876D-66C6-487D-AC02-5179E0A17C53}.sss|AMD64.ActiveCfg = Release|Any CPU
		{7725876D-66C6-487D-AC02-5179E0A17C53}.sss|AMD64.Build.0 = Release|Any CPU
		{7725876D-66C6-487D-AC02-5179E0A17C53}.sss|Any CPU.ActiveCfg = Release|Any CPU
		{7725876D-66C6-487D-AC02-5179E0A17C53}.sss|Any CPU.Build.0 = Release|Any CPU
		{7725876D-66C6-487D-AC02-5179E0A17C53}.sss|x64.ActiveCfg = Release|Any CPU
		{7725876D-66C6-487D-AC02-5179E0A17C53}.sss|x64.Build.0 = Release|Any CPU
		{7725876D-66C6-487D-AC02-5179E0A17C53}.sss|x86.ActiveCfg = Release|Any CPU
		{7725876D-66C6-487D-AC02-5179E0A17C53}.sss|x86.Build.0 = Release|Any CPU
		{ACBDFC33-5CC7-4778-994B-566AAB5B4803}.Debug|AMD64.ActiveCfg = Debug|Any CPU
		{ACBDFC33-5CC7-4778-994B-566AAB5B4803}.Debug|AMD64.Build.0 = Debug|Any CPU
		{ACBDFC33-5CC7-4778-994B-566AAB5B4803}.Debug|Any CPU.ActiveCfg = Debug|Any CPU
		{ACBDFC33-5CC7-4778-994B-566AAB5B4803}.Debug|Any CPU.Build.0 = Debug|Any CPU
		{ACBDFC33-5CC7-4778-994B-566AAB5B4803}.Debug|x64.ActiveCfg = Debug|Any CPU
		{ACBDFC33-5CC7-4778-994B-566AAB5B4803}.Debug|x64.Build.0 = Debug|Any CPU
		{ACBDFC33-5CC7-4778-994B-566AAB5B4803}.Debug|x86.ActiveCfg = Debug|Any CPU
		{ACBDFC33-5CC7-4778-994B-566AAB5B4803}.Debug|x86.Build.0 = Debug|Any CPU
		{ACBDFC33-5CC7-4778-994B-566AAB5B4803}.Release|AMD64.ActiveCfg = Release|Any CPU
		{ACBDFC33-5CC7-4778-994B-566AAB5B4803}.Release|AMD64.Build.0 = Release|Any CPU
		{ACBDFC33-5CC7-4778-994B-566AAB5B4803}.Release|Any CPU.ActiveCfg = Release|Any CPU
		{ACBDFC33-5CC7-4778-994B-566AAB5B4803}.Release|Any CPU.Build.0 = Release|Any CPU
		{ACBDFC33-5CC7-4778-994B-566AAB5B4803}.Release|x64.ActiveCfg = Release|Any CPU
		{ACBDFC33-5CC7-4778-994B-566AAB5B4803}.Release|x64.Build.0 = Release|Any CPU
		{ACBDFC33-5CC7-4778-994B-566AAB5B4803}.Release|x86.ActiveCfg = Release|Any CPU
		{ACBDFC33-5CC7-4778-994B-566AAB5B4803}.Release|x86.Build.0 = Release|Any CPU
		{ACBDFC33-5CC7-4778-994B-566AAB5B4803}.sss|AMD64.ActiveCfg = Release|Any CPU
		{ACBDFC33-5CC7-4778-994B-566AAB5B4803}.sss|AMD64.Build.0 = Release|Any CPU
		{ACBDFC33-5CC7-4778-994B-566AAB5B4803}.sss|Any CPU.ActiveCfg = Release|Any CPU
		{ACBDFC33-5CC7-4778-994B-566AAB5B4803}.sss|Any CPU.Build.0 = Release|Any CPU
		{ACBDFC33-5CC7-4778-994B-566AAB5B4803}.sss|x64.ActiveCfg = Release|Any CPU
		{ACBDFC33-5CC7-4778-994B-566AAB5B4803}.sss|x64.Build.0 = Release|Any CPU
		{ACBDFC33-5CC7-4778-994B-566AAB5B4803}.sss|x86.ActiveCfg = Release|Any CPU
		{ACBDFC33-5CC7-4778-994B-566AAB5B4803}.sss|x86.Build.0 = Release|Any CPU
		{73301961-FD42-46C6-B2FE-F95D3F860598}.Debug|AMD64.ActiveCfg = Debug|Any CPU
		{73301961-FD42-46C6-B2FE-F95D3F860598}.Debug|AMD64.Build.0 = Debug|Any CPU
		{73301961-FD42-46C6-B2FE-F95D3F860598}.Debug|Any CPU.ActiveCfg = Debug|Any CPU
		{73301961-FD42-46C6-B2FE-F95D3F860598}.Debug|Any CPU.Build.0 = Debug|Any CPU
		{73301961-FD42-46C6-B2FE-F95D3F860598}.Debug|x64.ActiveCfg = Debug|Any CPU
		{73301961-FD42-46C6-B2FE-F95D3F860598}.Debug|x64.Build.0 = Debug|Any CPU
		{73301961-FD42-46C6-B2FE-F95D3F860598}.Debug|x86.ActiveCfg = Debug|Any CPU
		{73301961-FD42-46C6-B2FE-F95D3F860598}.Debug|x86.Build.0 = Debug|Any CPU
		{73301961-FD42-46C6-B2FE-F95D3F860598}.Release|AMD64.ActiveCfg = Release|Any CPU
		{73301961-FD42-46C6-B2FE-F95D3F860598}.Release|AMD64.Build.0 = Release|Any CPU
		{73301961-FD42-46C6-B2FE-F95D3F860598}.Release|Any CPU.ActiveCfg = Release|Any CPU
		{73301961-FD42-46C6-B2FE-F95D3F860598}.Release|Any CPU.Build.0 = Release|Any CPU
		{73301961-FD42-46C6-B2FE-F95D3F860598}.Release|x64.ActiveCfg = Release|Any CPU
		{73301961-FD42-46C6-B2FE-F95D3F860598}.Release|x64.Build.0 = Release|Any CPU
		{73301961-FD42-46C6-B2FE-F95D3F860598}.Release|x86.ActiveCfg = Release|Any CPU
		{73301961-FD42-46C6-B2FE-F95D3F860598}.Release|x86.Build.0 = Release|Any CPU
		{73301961-FD42-46C6-B2FE-F95D3F860598}.sss|AMD64.ActiveCfg = Release|Any CPU
		{73301961-FD42-46C6-B2FE-F95D3F860598}.sss|AMD64.Build.0 = Release|Any CPU
		{73301961-FD42-46C6-B2FE-F95D3F860598}.sss|Any CPU.ActiveCfg = Release|Any CPU
		{73301961-FD42-46C6-B2FE-F95D3F860598}.sss|Any CPU.Build.0 = Release|Any CPU
		{73301961-FD42-46C6-B2FE-F95D3F860598}.sss|x64.ActiveCfg = Release|Any CPU
		{73301961-FD42-46C6-B2FE-F95D3F860598}.sss|x64.Build.0 = Release|Any CPU
		{73301961-FD42-46C6-B2FE-F95D3F860598}.sss|x86.ActiveCfg = Release|Any CPU
		{73301961-FD42-46C6-B2FE-F95D3F860598}.sss|x86.Build.0 = Release|Any CPU
		{90DE3B02-7DE2-434C-8028-535D094310C5}.Debug|AMD64.ActiveCfg = Debug|Any CPU
		{90DE3B02-7DE2-434C-8028-535D094310C5}.Debug|AMD64.Build.0 = Debug|Any CPU
		{90DE3B02-7DE2-434C-8028-535D094310C5}.Debug|Any CPU.ActiveCfg = Debug|Any CPU
		{90DE3B02-7DE2-434C-8028-535D094310C5}.Debug|Any CPU.Build.0 = Debug|Any CPU
		{90DE3B02-7DE2-434C-8028-535D094310C5}.Debug|x64.ActiveCfg = Debug|Any CPU
		{90DE3B02-7DE2-434C-8028-535D094310C5}.Debug|x64.Build.0 = Debug|Any CPU
		{90DE3B02-7DE2-434C-8028-535D094310C5}.Debug|x86.ActiveCfg = Debug|Any CPU
		{90DE3B02-7DE2-434C-8028-535D094310C5}.Debug|x86.Build.0 = Debug|Any CPU
		{90DE3B02-7DE2-434C-8028-535D094310C5}.Release|AMD64.ActiveCfg = Release|Any CPU
		{90DE3B02-7DE2-434C-8028-535D094310C5}.Release|AMD64.Build.0 = Release|Any CPU
		{90DE3B02-7DE2-434C-8028-535D094310C5}.Release|Any CPU.ActiveCfg = Release|Any CPU
		{90DE3B02-7DE2-434C-8028-535D094310C5}.Release|Any CPU.Build.0 = Release|Any CPU
		{90DE3B02-7DE2-434C-8028-535D094310C5}.Release|x64.ActiveCfg = Release|Any CPU
		{90DE3B02-7DE2-434C-8028-535D094310C5}.Release|x64.Build.0 = Release|Any CPU
		{90DE3B02-7DE2-434C-8028-535D094310C5}.Release|x86.ActiveCfg = Release|Any CPU
		{90DE3B02-7DE2-434C-8028-535D094310C5}.Release|x86.Build.0 = Release|Any CPU
		{90DE3B02-7DE2-434C-8028-535D094310C5}.sss|AMD64.ActiveCfg = Release|Any CPU
		{90DE3B02-7DE2-434C-8028-535D094310C5}.sss|AMD64.Build.0 = Release|Any CPU
		{90DE3B02-7DE2-434C-8028-535D094310C5}.sss|Any CPU.ActiveCfg = Release|Any CPU
		{90DE3B02-7DE2-434C-8028-535D094310C5}.sss|Any CPU.Build.0 = Release|Any CPU
		{90DE3B02-7DE2-434C-8028-535D094310C5}.sss|x64.ActiveCfg = Release|Any CPU
		{90DE3B02-7DE2-434C-8028-535D094310C5}.sss|x64.Build.0 = Release|Any CPU
		{90DE3B02-7DE2-434C-8028-535D094310C5}.sss|x86.ActiveCfg = Release|Any CPU
		{90DE3B02-7DE2-434C-8028-535D094310C5}.sss|x86.Build.0 = Release|Any CPU
		{76F9A581-94DC-4C44-A165-5C4C0C371848}.Debug|AMD64.ActiveCfg = Debug|Any CPU
		{76F9A581-94DC-4C44-A165-5C4C0C371848}.Debug|AMD64.Build.0 = Debug|Any CPU
		{76F9A581-94DC-4C44-A165-5C4C0C371848}.Debug|Any CPU.ActiveCfg = Debug|Any CPU
		{76F9A581-94DC-4C44-A165-5C4C0C371848}.Debug|Any CPU.Build.0 = Debug|Any CPU
		{76F9A581-94DC-4C44-A165-5C4C0C371848}.Debug|x64.ActiveCfg = Debug|Any CPU
		{76F9A581-94DC-4C44-A165-5C4C0C371848}.Debug|x64.Build.0 = Debug|Any CPU
		{76F9A581-94DC-4C44-A165-5C4C0C371848}.Debug|x86.ActiveCfg = Debug|Any CPU
		{76F9A581-94DC-4C44-A165-5C4C0C371848}.Debug|x86.Build.0 = Debug|Any CPU
		{76F9A581-94DC-4C44-A165-5C4C0C371848}.Release|AMD64.ActiveCfg = Release|Any CPU
		{76F9A581-94DC-4C44-A165-5C4C0C371848}.Release|AMD64.Build.0 = Release|Any CPU
		{76F9A581-94DC-4C44-A165-5C4C0C371848}.Release|Any CPU.ActiveCfg = Release|Any CPU
		{76F9A581-94DC-4C44-A165-5C4C0C371848}.Release|Any CPU.Build.0 = Release|Any CPU
		{76F9A581-94DC-4C44-A165-5C4C0C371848}.Release|x64.ActiveCfg = Release|Any CPU
		{76F9A581-94DC-4C44-A165-5C4C0C371848}.Release|x64.Build.0 = Release|Any CPU
		{76F9A581-94DC-4C44-A165-5C4C0C371848}.Release|x86.ActiveCfg = Release|Any CPU
		{76F9A581-94DC-4C44-A165-5C4C0C371848}.Release|x86.Build.0 = Release|Any CPU
		{76F9A581-94DC-4C44-A165-5C4C0C371848}.sss|AMD64.ActiveCfg = Release|Any CPU
		{76F9A581-94DC-4C44-A165-5C4C0C371848}.sss|AMD64.Build.0 = Release|Any CPU
		{76F9A581-94DC-4C44-A165-5C4C0C371848}.sss|Any CPU.ActiveCfg = Release|Any CPU
		{76F9A581-94DC-4C44-A165-5C4C0C371848}.sss|Any CPU.Build.0 = Release|Any CPU
		{76F9A581-94DC-4C44-A165-5C4C0C371848}.sss|x64.ActiveCfg = Release|Any CPU
		{76F9A581-94DC-4C44-A165-5C4C0C371848}.sss|x64.Build.0 = Release|Any CPU
		{76F9A581-94DC-4C44-A165-5C4C0C371848}.sss|x86.ActiveCfg = Release|Any CPU
		{76F9A581-94DC-4C44-A165-5C4C0C371848}.sss|x86.Build.0 = Release|Any CPU
		{7B71F589-8320-456B-A2AB-5F2A9FBB438D}.Debug|AMD64.ActiveCfg = Debug|Any CPU
		{7B71F589-8320-456B-A2AB-5F2A9FBB438D}.Debug|AMD64.Build.0 = Debug|Any CPU
		{7B71F589-8320-456B-A2AB-5F2A9FBB438D}.Debug|Any CPU.ActiveCfg = Debug|Any CPU
		{7B71F589-8320-456B-A2AB-5F2A9FBB438D}.Debug|Any CPU.Build.0 = Debug|Any CPU
		{7B71F589-8320-456B-A2AB-5F2A9FBB438D}.Debug|x64.ActiveCfg = Debug|Any CPU
		{7B71F589-8320-456B-A2AB-5F2A9FBB438D}.Debug|x64.Build.0 = Debug|Any CPU
		{7B71F589-8320-456B-A2AB-5F2A9FBB438D}.Debug|x86.ActiveCfg = Debug|Any CPU
		{7B71F589-8320-456B-A2AB-5F2A9FBB438D}.Debug|x86.Build.0 = Debug|Any CPU
		{7B71F589-8320-456B-A2AB-5F2A9FBB438D}.Release|AMD64.ActiveCfg = Release|Any CPU
		{7B71F589-8320-456B-A2AB-5F2A9FBB438D}.Release|AMD64.Build.0 = Release|Any CPU
		{7B71F589-8320-456B-A2AB-5F2A9FBB438D}.Release|Any CPU.ActiveCfg = Release|Any CPU
		{7B71F589-8320-456B-A2AB-5F2A9FBB438D}.Release|Any CPU.Build.0 = Release|Any CPU
		{7B71F589-8320-456B-A2AB-5F2A9FBB438D}.Release|x64.ActiveCfg = Release|Any CPU
		{7B71F589-8320-456B-A2AB-5F2A9FBB438D}.Release|x64.Build.0 = Release|Any CPU
		{7B71F589-8320-456B-A2AB-5F2A9FBB438D}.Release|x86.ActiveCfg = Release|Any CPU
		{7B71F589-8320-456B-A2AB-5F2A9FBB438D}.Release|x86.Build.0 = Release|Any CPU
		{7B71F589-8320-456B-A2AB-5F2A9FBB438D}.sss|AMD64.ActiveCfg = Release|Any CPU
		{7B71F589-8320-456B-A2AB-5F2A9FBB438D}.sss|AMD64.Build.0 = Release|Any CPU
		{7B71F589-8320-456B-A2AB-5F2A9FBB438D}.sss|Any CPU.ActiveCfg = Release|Any CPU
		{7B71F589-8320-456B-A2AB-5F2A9FBB438D}.sss|Any CPU.Build.0 = Release|Any CPU
		{7B71F589-8320-456B-A2AB-5F2A9FBB438D}.sss|x64.ActiveCfg = Release|Any CPU
		{7B71F589-8320-456B-A2AB-5F2A9FBB438D}.sss|x64.Build.0 = Release|Any CPU
		{7B71F589-8320-456B-A2AB-5F2A9FBB438D}.sss|x86.ActiveCfg = Release|Any CPU
		{7B71F589-8320-456B-A2AB-5F2A9FBB438D}.sss|x86.Build.0 = Release|Any CPU
		{8FBCBFD5-37A5-4BEA-81CE-2ADC99D58753}.Debug|AMD64.ActiveCfg = Debug|Any CPU
		{8FBCBFD5-37A5-4BEA-81CE-2ADC99D58753}.Debug|AMD64.Build.0 = Debug|Any CPU
		{8FBCBFD5-37A5-4BEA-81CE-2ADC99D58753}.Debug|Any CPU.ActiveCfg = Debug|Any CPU
		{8FBCBFD5-37A5-4BEA-81CE-2ADC99D58753}.Debug|Any CPU.Build.0 = Debug|Any CPU
		{8FBCBFD5-37A5-4BEA-81CE-2ADC99D58753}.Debug|x64.ActiveCfg = Debug|Any CPU
		{8FBCBFD5-37A5-4BEA-81CE-2ADC99D58753}.Debug|x64.Build.0 = Debug|Any CPU
		{8FBCBFD5-37A5-4BEA-81CE-2ADC99D58753}.Debug|x86.ActiveCfg = Debug|Any CPU
		{8FBCBFD5-37A5-4BEA-81CE-2ADC99D58753}.Debug|x86.Build.0 = Debug|Any CPU
		{8FBCBFD5-37A5-4BEA-81CE-2ADC99D58753}.Release|AMD64.ActiveCfg = Release|Any CPU
		{8FBCBFD5-37A5-4BEA-81CE-2ADC99D58753}.Release|AMD64.Build.0 = Release|Any CPU
		{8FBCBFD5-37A5-4BEA-81CE-2ADC99D58753}.Release|Any CPU.ActiveCfg = Release|Any CPU
		{8FBCBFD5-37A5-4BEA-81CE-2ADC99D58753}.Release|Any CPU.Build.0 = Release|Any CPU
		{8FBCBFD5-37A5-4BEA-81CE-2ADC99D58753}.Release|x64.ActiveCfg = Release|Any CPU
		{8FBCBFD5-37A5-4BEA-81CE-2ADC99D58753}.Release|x64.Build.0 = Release|Any CPU
		{8FBCBFD5-37A5-4BEA-81CE-2ADC99D58753}.Release|x86.ActiveCfg = Release|Any CPU
		{8FBCBFD5-37A5-4BEA-81CE-2ADC99D58753}.Release|x86.Build.0 = Release|Any CPU
		{8FBCBFD5-37A5-4BEA-81CE-2ADC99D58753}.sss|AMD64.ActiveCfg = Release|Any CPU
		{8FBCBFD5-37A5-4BEA-81CE-2ADC99D58753}.sss|AMD64.Build.0 = Release|Any CPU
		{8FBCBFD5-37A5-4BEA-81CE-2ADC99D58753}.sss|Any CPU.ActiveCfg = Release|Any CPU
		{8FBCBFD5-37A5-4BEA-81CE-2ADC99D58753}.sss|Any CPU.Build.0 = Release|Any CPU
		{8FBCBFD5-37A5-4BEA-81CE-2ADC99D58753}.sss|x64.ActiveCfg = Release|Any CPU
		{8FBCBFD5-37A5-4BEA-81CE-2ADC99D58753}.sss|x64.Build.0 = Release|Any CPU
		{8FBCBFD5-37A5-4BEA-81CE-2ADC99D58753}.sss|x86.ActiveCfg = Release|Any CPU
		{8FBCBFD5-37A5-4BEA-81CE-2ADC99D58753}.sss|x86.Build.0 = Release|Any CPU
		{E50EB135-606C-4CA9-92CF-411C09ABEA64}.Debug|AMD64.ActiveCfg = Debug|Any CPU
		{E50EB135-606C-4CA9-92CF-411C09ABEA64}.Debug|AMD64.Build.0 = Debug|Any CPU
		{E50EB135-606C-4CA9-92CF-411C09ABEA64}.Debug|Any CPU.ActiveCfg = Debug|Any CPU
		{E50EB135-606C-4CA9-92CF-411C09ABEA64}.Debug|Any CPU.Build.0 = Debug|Any CPU
		{E50EB135-606C-4CA9-92CF-411C09ABEA64}.Debug|x64.ActiveCfg = Debug|Any CPU
		{E50EB135-606C-4CA9-92CF-411C09ABEA64}.Debug|x64.Build.0 = Debug|Any CPU
		{E50EB135-606C-4CA9-92CF-411C09ABEA64}.Debug|x86.ActiveCfg = Debug|Any CPU
		{E50EB135-606C-4CA9-92CF-411C09ABEA64}.Debug|x86.Build.0 = Debug|Any CPU
		{E50EB135-606C-4CA9-92CF-411C09ABEA64}.Release|AMD64.ActiveCfg = Release|Any CPU
		{E50EB135-606C-4CA9-92CF-411C09ABEA64}.Release|AMD64.Build.0 = Release|Any CPU
		{E50EB135-606C-4CA9-92CF-411C09ABEA64}.Release|Any CPU.ActiveCfg = Release|Any CPU
		{E50EB135-606C-4CA9-92CF-411C09ABEA64}.Release|Any CPU.Build.0 = Release|Any CPU
		{E50EB135-606C-4CA9-92CF-411C09ABEA64}.Release|x64.ActiveCfg = Release|Any CPU
		{E50EB135-606C-4CA9-92CF-411C09ABEA64}.Release|x64.Build.0 = Release|Any CPU
		{E50EB135-606C-4CA9-92CF-411C09ABEA64}.Release|x86.ActiveCfg = Release|Any CPU
		{E50EB135-606C-4CA9-92CF-411C09ABEA64}.Release|x86.Build.0 = Release|Any CPU
		{E50EB135-606C-4CA9-92CF-411C09ABEA64}.sss|AMD64.ActiveCfg = Release|Any CPU
		{E50EB135-606C-4CA9-92CF-411C09ABEA64}.sss|AMD64.Build.0 = Release|Any CPU
		{E50EB135-606C-4CA9-92CF-411C09ABEA64}.sss|Any CPU.ActiveCfg = Release|Any CPU
		{E50EB135-606C-4CA9-92CF-411C09ABEA64}.sss|Any CPU.Build.0 = Release|Any CPU
		{E50EB135-606C-4CA9-92CF-411C09ABEA64}.sss|x64.ActiveCfg = Release|Any CPU
		{E50EB135-606C-4CA9-92CF-411C09ABEA64}.sss|x64.Build.0 = Release|Any CPU
		{E50EB135-606C-4CA9-92CF-411C09ABEA64}.sss|x86.ActiveCfg = Release|Any CPU
		{E50EB135-606C-4CA9-92CF-411C09ABEA64}.sss|x86.Build.0 = Release|Any CPU
		{F4B6F244-5259-4741-91B6-29D3E18BBF67}.Debug|AMD64.ActiveCfg = Debug|Any CPU
		{F4B6F244-5259-4741-91B6-29D3E18BBF67}.Debug|AMD64.Build.0 = Debug|Any CPU
		{F4B6F244-5259-4741-91B6-29D3E18BBF67}.Debug|Any CPU.ActiveCfg = Debug|Any CPU
		{F4B6F244-5259-4741-91B6-29D3E18BBF67}.Debug|Any CPU.Build.0 = Debug|Any CPU
		{F4B6F244-5259-4741-91B6-29D3E18BBF67}.Debug|x64.ActiveCfg = Debug|Any CPU
		{F4B6F244-5259-4741-91B6-29D3E18BBF67}.Debug|x64.Build.0 = Debug|Any CPU
		{F4B6F244-5259-4741-91B6-29D3E18BBF67}.Debug|x86.ActiveCfg = Debug|Any CPU
		{F4B6F244-5259-4741-91B6-29D3E18BBF67}.Debug|x86.Build.0 = Debug|Any CPU
		{F4B6F244-5259-4741-91B6-29D3E18BBF67}.Release|AMD64.ActiveCfg = Release|Any CPU
		{F4B6F244-5259-4741-91B6-29D3E18BBF67}.Release|AMD64.Build.0 = Release|Any CPU
		{F4B6F244-5259-4741-91B6-29D3E18BBF67}.Release|Any CPU.ActiveCfg = Release|Any CPU
		{F4B6F244-5259-4741-91B6-29D3E18BBF67}.Release|Any CPU.Build.0 = Release|Any CPU
		{F4B6F244-5259-4741-91B6-29D3E18BBF67}.Release|x64.ActiveCfg = Release|Any CPU
		{F4B6F244-5259-4741-91B6-29D3E18BBF67}.Release|x64.Build.0 = Release|Any CPU
		{F4B6F244-5259-4741-91B6-29D3E18BBF67}.Release|x86.ActiveCfg = Release|Any CPU
		{F4B6F244-5259-4741-91B6-29D3E18BBF67}.Release|x86.Build.0 = Release|Any CPU
		{F4B6F244-5259-4741-91B6-29D3E18BBF67}.sss|AMD64.ActiveCfg = Release|Any CPU
		{F4B6F244-5259-4741-91B6-29D3E18BBF67}.sss|AMD64.Build.0 = Release|Any CPU
		{F4B6F244-5259-4741-91B6-29D3E18BBF67}.sss|Any CPU.ActiveCfg = Release|Any CPU
		{F4B6F244-5259-4741-91B6-29D3E18BBF67}.sss|Any CPU.Build.0 = Release|Any CPU
		{F4B6F244-5259-4741-91B6-29D3E18BBF67}.sss|x64.ActiveCfg = Release|Any CPU
		{F4B6F244-5259-4741-91B6-29D3E18BBF67}.sss|x64.Build.0 = Release|Any CPU
		{F4B6F244-5259-4741-91B6-29D3E18BBF67}.sss|x86.ActiveCfg = Release|Any CPU
		{F4B6F244-5259-4741-91B6-29D3E18BBF67}.sss|x86.Build.0 = Release|Any CPU
		{73B8B16E-B691-486B-AB40-7FFB13BA0B35}.Debug|AMD64.ActiveCfg = Debug|Any CPU
		{73B8B16E-B691-486B-AB40-7FFB13BA0B35}.Debug|AMD64.Build.0 = Debug|Any CPU
		{73B8B16E-B691-486B-AB40-7FFB13BA0B35}.Debug|Any CPU.ActiveCfg = Debug|Any CPU
		{73B8B16E-B691-486B-AB40-7FFB13BA0B35}.Debug|Any CPU.Build.0 = Debug|Any CPU
		{73B8B16E-B691-486B-AB40-7FFB13BA0B35}.Debug|x64.ActiveCfg = Debug|Any CPU
		{73B8B16E-B691-486B-AB40-7FFB13BA0B35}.Debug|x64.Build.0 = Debug|Any CPU
		{73B8B16E-B691-486B-AB40-7FFB13BA0B35}.Debug|x86.ActiveCfg = Debug|Any CPU
		{73B8B16E-B691-486B-AB40-7FFB13BA0B35}.Debug|x86.Build.0 = Debug|Any CPU
		{73B8B16E-B691-486B-AB40-7FFB13BA0B35}.Release|AMD64.ActiveCfg = Release|Any CPU
		{73B8B16E-B691-486B-AB40-7FFB13BA0B35}.Release|AMD64.Build.0 = Release|Any CPU
		{73B8B16E-B691-486B-AB40-7FFB13BA0B35}.Release|Any CPU.ActiveCfg = Release|Any CPU
		{73B8B16E-B691-486B-AB40-7FFB13BA0B35}.Release|Any CPU.Build.0 = Release|Any CPU
		{73B8B16E-B691-486B-AB40-7FFB13BA0B35}.Release|x64.ActiveCfg = Release|Any CPU
		{73B8B16E-B691-486B-AB40-7FFB13BA0B35}.Release|x64.Build.0 = Release|Any CPU
		{73B8B16E-B691-486B-AB40-7FFB13BA0B35}.Release|x86.ActiveCfg = Release|Any CPU
		{73B8B16E-B691-486B-AB40-7FFB13BA0B35}.Release|x86.Build.0 = Release|Any CPU
		{73B8B16E-B691-486B-AB40-7FFB13BA0B35}.sss|AMD64.ActiveCfg = Release|Any CPU
		{73B8B16E-B691-486B-AB40-7FFB13BA0B35}.sss|AMD64.Build.0 = Release|Any CPU
		{73B8B16E-B691-486B-AB40-7FFB13BA0B35}.sss|Any CPU.ActiveCfg = Release|Any CPU
		{73B8B16E-B691-486B-AB40-7FFB13BA0B35}.sss|Any CPU.Build.0 = Release|Any CPU
		{73B8B16E-B691-486B-AB40-7FFB13BA0B35}.sss|x64.ActiveCfg = Release|Any CPU
		{73B8B16E-B691-486B-AB40-7FFB13BA0B35}.sss|x64.Build.0 = Release|Any CPU
		{73B8B16E-B691-486B-AB40-7FFB13BA0B35}.sss|x86.ActiveCfg = Release|Any CPU
		{73B8B16E-B691-486B-AB40-7FFB13BA0B35}.sss|x86.Build.0 = Release|Any CPU
		{A6A65C2E-447C-4A6D-92A0-2ED8628917B9}.Debug|AMD64.ActiveCfg = Debug|Any CPU
		{A6A65C2E-447C-4A6D-92A0-2ED8628917B9}.Debug|AMD64.Build.0 = Debug|Any CPU
		{A6A65C2E-447C-4A6D-92A0-2ED8628917B9}.Debug|Any CPU.ActiveCfg = Debug|Any CPU
		{A6A65C2E-447C-4A6D-92A0-2ED8628917B9}.Debug|Any CPU.Build.0 = Debug|Any CPU
		{A6A65C2E-447C-4A6D-92A0-2ED8628917B9}.Debug|x64.ActiveCfg = Debug|Any CPU
		{A6A65C2E-447C-4A6D-92A0-2ED8628917B9}.Debug|x64.Build.0 = Debug|Any CPU
		{A6A65C2E-447C-4A6D-92A0-2ED8628917B9}.Debug|x86.ActiveCfg = Debug|Any CPU
		{A6A65C2E-447C-4A6D-92A0-2ED8628917B9}.Debug|x86.Build.0 = Debug|Any CPU
		{A6A65C2E-447C-4A6D-92A0-2ED8628917B9}.Release|AMD64.ActiveCfg = Release|Any CPU
		{A6A65C2E-447C-4A6D-92A0-2ED8628917B9}.Release|AMD64.Build.0 = Release|Any CPU
		{A6A65C2E-447C-4A6D-92A0-2ED8628917B9}.Release|Any CPU.ActiveCfg = Release|Any CPU
		{A6A65C2E-447C-4A6D-92A0-2ED8628917B9}.Release|Any CPU.Build.0 = Release|Any CPU
		{A6A65C2E-447C-4A6D-92A0-2ED8628917B9}.Release|x64.ActiveCfg = Release|Any CPU
		{A6A65C2E-447C-4A6D-92A0-2ED8628917B9}.Release|x64.Build.0 = Release|Any CPU
		{A6A65C2E-447C-4A6D-92A0-2ED8628917B9}.Release|x86.ActiveCfg = Release|Any CPU
		{A6A65C2E-447C-4A6D-92A0-2ED8628917B9}.Release|x86.Build.0 = Release|Any CPU
		{A6A65C2E-447C-4A6D-92A0-2ED8628917B9}.sss|AMD64.ActiveCfg = Release|Any CPU
		{A6A65C2E-447C-4A6D-92A0-2ED8628917B9}.sss|AMD64.Build.0 = Release|Any CPU
		{A6A65C2E-447C-4A6D-92A0-2ED8628917B9}.sss|Any CPU.ActiveCfg = Release|Any CPU
		{A6A65C2E-447C-4A6D-92A0-2ED8628917B9}.sss|Any CPU.Build.0 = Release|Any CPU
		{A6A65C2E-447C-4A6D-92A0-2ED8628917B9}.sss|x64.ActiveCfg = Release|Any CPU
		{A6A65C2E-447C-4A6D-92A0-2ED8628917B9}.sss|x64.Build.0 = Release|Any CPU
		{A6A65C2E-447C-4A6D-92A0-2ED8628917B9}.sss|x86.ActiveCfg = Release|Any CPU
		{A6A65C2E-447C-4A6D-92A0-2ED8628917B9}.sss|x86.Build.0 = Release|Any CPU
		{52901DD3-5254-421F-AFF6-83FD58FE54A9}.Debug|AMD64.ActiveCfg = Debug|Any CPU
		{52901DD3-5254-421F-AFF6-83FD58FE54A9}.Debug|AMD64.Build.0 = Debug|Any CPU
		{52901DD3-5254-421F-AFF6-83FD58FE54A9}.Debug|Any CPU.ActiveCfg = Debug|Any CPU
		{52901DD3-5254-421F-AFF6-83FD58FE54A9}.Debug|Any CPU.Build.0 = Debug|Any CPU
		{52901DD3-5254-421F-AFF6-83FD58FE54A9}.Debug|x64.ActiveCfg = Debug|Any CPU
		{52901DD3-5254-421F-AFF6-83FD58FE54A9}.Debug|x64.Build.0 = Debug|Any CPU
		{52901DD3-5254-421F-AFF6-83FD58FE54A9}.Debug|x86.ActiveCfg = Debug|Any CPU
		{52901DD3-5254-421F-AFF6-83FD58FE54A9}.Debug|x86.Build.0 = Debug|Any CPU
		{52901DD3-5254-421F-AFF6-83FD58FE54A9}.Release|AMD64.ActiveCfg = Release|Any CPU
		{52901DD3-5254-421F-AFF6-83FD58FE54A9}.Release|AMD64.Build.0 = Release|Any CPU
		{52901DD3-5254-421F-AFF6-83FD58FE54A9}.Release|Any CPU.ActiveCfg = Release|Any CPU
		{52901DD3-5254-421F-AFF6-83FD58FE54A9}.Release|Any CPU.Build.0 = Release|Any CPU
		{52901DD3-5254-421F-AFF6-83FD58FE54A9}.Release|x64.ActiveCfg = Release|Any CPU
		{52901DD3-5254-421F-AFF6-83FD58FE54A9}.Release|x64.Build.0 = Release|Any CPU
		{52901DD3-5254-421F-AFF6-83FD58FE54A9}.Release|x86.ActiveCfg = Release|Any CPU
		{52901DD3-5254-421F-AFF6-83FD58FE54A9}.Release|x86.Build.0 = Release|Any CPU
		{52901DD3-5254-421F-AFF6-83FD58FE54A9}.sss|AMD64.ActiveCfg = Debug|Any CPU
		{52901DD3-5254-421F-AFF6-83FD58FE54A9}.sss|AMD64.Build.0 = Debug|Any CPU
		{52901DD3-5254-421F-AFF6-83FD58FE54A9}.sss|Any CPU.ActiveCfg = Debug|Any CPU
		{52901DD3-5254-421F-AFF6-83FD58FE54A9}.sss|Any CPU.Build.0 = Debug|Any CPU
		{52901DD3-5254-421F-AFF6-83FD58FE54A9}.sss|x64.ActiveCfg = Debug|Any CPU
		{52901DD3-5254-421F-AFF6-83FD58FE54A9}.sss|x64.Build.0 = Debug|Any CPU
		{52901DD3-5254-421F-AFF6-83FD58FE54A9}.sss|x86.ActiveCfg = Debug|Any CPU
		{52901DD3-5254-421F-AFF6-83FD58FE54A9}.sss|x86.Build.0 = Debug|Any CPU
		{1F1E3BD9-D892-4F85-9A11-04E4D5CAD28D}.Debug|AMD64.ActiveCfg = Debug|Any CPU
		{1F1E3BD9-D892-4F85-9A11-04E4D5CAD28D}.Debug|AMD64.Build.0 = Debug|Any CPU
		{1F1E3BD9-D892-4F85-9A11-04E4D5CAD28D}.Debug|Any CPU.ActiveCfg = Debug|Any CPU
		{1F1E3BD9-D892-4F85-9A11-04E4D5CAD28D}.Debug|Any CPU.Build.0 = Debug|Any CPU
		{1F1E3BD9-D892-4F85-9A11-04E4D5CAD28D}.Debug|x64.ActiveCfg = Debug|Any CPU
		{1F1E3BD9-D892-4F85-9A11-04E4D5CAD28D}.Debug|x64.Build.0 = Debug|Any CPU
		{1F1E3BD9-D892-4F85-9A11-04E4D5CAD28D}.Debug|x86.ActiveCfg = Debug|Any CPU
		{1F1E3BD9-D892-4F85-9A11-04E4D5CAD28D}.Debug|x86.Build.0 = Debug|Any CPU
		{1F1E3BD9-D892-4F85-9A11-04E4D5CAD28D}.Release|AMD64.ActiveCfg = Release|Any CPU
		{1F1E3BD9-D892-4F85-9A11-04E4D5CAD28D}.Release|AMD64.Build.0 = Release|Any CPU
		{1F1E3BD9-D892-4F85-9A11-04E4D5CAD28D}.Release|Any CPU.ActiveCfg = Release|Any CPU
		{1F1E3BD9-D892-4F85-9A11-04E4D5CAD28D}.Release|Any CPU.Build.0 = Release|Any CPU
		{1F1E3BD9-D892-4F85-9A11-04E4D5CAD28D}.Release|x64.ActiveCfg = Release|Any CPU
		{1F1E3BD9-D892-4F85-9A11-04E4D5CAD28D}.Release|x64.Build.0 = Release|Any CPU
		{1F1E3BD9-D892-4F85-9A11-04E4D5CAD28D}.Release|x86.ActiveCfg = Release|Any CPU
		{1F1E3BD9-D892-4F85-9A11-04E4D5CAD28D}.Release|x86.Build.0 = Release|Any CPU
		{1F1E3BD9-D892-4F85-9A11-04E4D5CAD28D}.sss|AMD64.ActiveCfg = Debug|Any CPU
		{1F1E3BD9-D892-4F85-9A11-04E4D5CAD28D}.sss|AMD64.Build.0 = Debug|Any CPU
		{1F1E3BD9-D892-4F85-9A11-04E4D5CAD28D}.sss|Any CPU.ActiveCfg = Debug|Any CPU
		{1F1E3BD9-D892-4F85-9A11-04E4D5CAD28D}.sss|Any CPU.Build.0 = Debug|Any CPU
		{1F1E3BD9-D892-4F85-9A11-04E4D5CAD28D}.sss|x64.ActiveCfg = Debug|Any CPU
		{1F1E3BD9-D892-4F85-9A11-04E4D5CAD28D}.sss|x64.Build.0 = Debug|Any CPU
		{1F1E3BD9-D892-4F85-9A11-04E4D5CAD28D}.sss|x86.ActiveCfg = Debug|Any CPU
		{1F1E3BD9-D892-4F85-9A11-04E4D5CAD28D}.sss|x86.Build.0 = Debug|Any CPU
		{C118F2ED-A94B-4351-90D5-C81CBCD2A980}.Debug|AMD64.ActiveCfg = Debug|Any CPU
		{C118F2ED-A94B-4351-90D5-C81CBCD2A980}.Debug|AMD64.Build.0 = Debug|Any CPU
		{C118F2ED-A94B-4351-90D5-C81CBCD2A980}.Debug|Any CPU.ActiveCfg = Debug|Any CPU
		{C118F2ED-A94B-4351-90D5-C81CBCD2A980}.Debug|Any CPU.Build.0 = Debug|Any CPU
		{C118F2ED-A94B-4351-90D5-C81CBCD2A980}.Debug|x64.ActiveCfg = Debug|Any CPU
		{C118F2ED-A94B-4351-90D5-C81CBCD2A980}.Debug|x64.Build.0 = Debug|Any CPU
		{C118F2ED-A94B-4351-90D5-C81CBCD2A980}.Debug|x86.ActiveCfg = Debug|Any CPU
		{C118F2ED-A94B-4351-90D5-C81CBCD2A980}.Debug|x86.Build.0 = Debug|Any CPU
		{C118F2ED-A94B-4351-90D5-C81CBCD2A980}.Release|AMD64.ActiveCfg = Release|Any CPU
		{C118F2ED-A94B-4351-90D5-C81CBCD2A980}.Release|AMD64.Build.0 = Release|Any CPU
		{C118F2ED-A94B-4351-90D5-C81CBCD2A980}.Release|Any CPU.ActiveCfg = Release|Any CPU
		{C118F2ED-A94B-4351-90D5-C81CBCD2A980}.Release|Any CPU.Build.0 = Release|Any CPU
		{C118F2ED-A94B-4351-90D5-C81CBCD2A980}.Release|x64.ActiveCfg = Release|Any CPU
		{C118F2ED-A94B-4351-90D5-C81CBCD2A980}.Release|x64.Build.0 = Release|Any CPU
		{C118F2ED-A94B-4351-90D5-C81CBCD2A980}.Release|x86.ActiveCfg = Release|Any CPU
		{C118F2ED-A94B-4351-90D5-C81CBCD2A980}.Release|x86.Build.0 = Release|Any CPU
		{C118F2ED-A94B-4351-90D5-C81CBCD2A980}.sss|AMD64.ActiveCfg = Debug|Any CPU
		{C118F2ED-A94B-4351-90D5-C81CBCD2A980}.sss|AMD64.Build.0 = Debug|Any CPU
		{C118F2ED-A94B-4351-90D5-C81CBCD2A980}.sss|Any CPU.ActiveCfg = Debug|Any CPU
		{C118F2ED-A94B-4351-90D5-C81CBCD2A980}.sss|Any CPU.Build.0 = Debug|Any CPU
		{C118F2ED-A94B-4351-90D5-C81CBCD2A980}.sss|x64.ActiveCfg = Debug|Any CPU
		{C118F2ED-A94B-4351-90D5-C81CBCD2A980}.sss|x64.Build.0 = Debug|Any CPU
		{C118F2ED-A94B-4351-90D5-C81CBCD2A980}.sss|x86.ActiveCfg = Debug|Any CPU
		{C118F2ED-A94B-4351-90D5-C81CBCD2A980}.sss|x86.Build.0 = Debug|Any CPU
		{A2479F3D-4C1A-420B-82BF-76653F0B4B1E}.Debug|AMD64.ActiveCfg = Debug|Any CPU
		{A2479F3D-4C1A-420B-82BF-76653F0B4B1E}.Debug|AMD64.Build.0 = Debug|Any CPU
		{A2479F3D-4C1A-420B-82BF-76653F0B4B1E}.Debug|Any CPU.ActiveCfg = Debug|Any CPU
		{A2479F3D-4C1A-420B-82BF-76653F0B4B1E}.Debug|Any CPU.Build.0 = Debug|Any CPU
		{A2479F3D-4C1A-420B-82BF-76653F0B4B1E}.Debug|x64.ActiveCfg = Debug|Any CPU
		{A2479F3D-4C1A-420B-82BF-76653F0B4B1E}.Debug|x64.Build.0 = Debug|Any CPU
		{A2479F3D-4C1A-420B-82BF-76653F0B4B1E}.Debug|x86.ActiveCfg = Debug|Any CPU
		{A2479F3D-4C1A-420B-82BF-76653F0B4B1E}.Debug|x86.Build.0 = Debug|Any CPU
		{A2479F3D-4C1A-420B-82BF-76653F0B4B1E}.Release|AMD64.ActiveCfg = Release|Any CPU
		{A2479F3D-4C1A-420B-82BF-76653F0B4B1E}.Release|AMD64.Build.0 = Release|Any CPU
		{A2479F3D-4C1A-420B-82BF-76653F0B4B1E}.Release|Any CPU.ActiveCfg = Release|Any CPU
		{A2479F3D-4C1A-420B-82BF-76653F0B4B1E}.Release|Any CPU.Build.0 = Release|Any CPU
		{A2479F3D-4C1A-420B-82BF-76653F0B4B1E}.Release|x64.ActiveCfg = Release|Any CPU
		{A2479F3D-4C1A-420B-82BF-76653F0B4B1E}.Release|x64.Build.0 = Release|Any CPU
		{A2479F3D-4C1A-420B-82BF-76653F0B4B1E}.Release|x86.ActiveCfg = Release|Any CPU
		{A2479F3D-4C1A-420B-82BF-76653F0B4B1E}.Release|x86.Build.0 = Release|Any CPU
		{A2479F3D-4C1A-420B-82BF-76653F0B4B1E}.sss|AMD64.ActiveCfg = Debug|Any CPU
		{A2479F3D-4C1A-420B-82BF-76653F0B4B1E}.sss|AMD64.Build.0 = Debug|Any CPU
		{A2479F3D-4C1A-420B-82BF-76653F0B4B1E}.sss|Any CPU.ActiveCfg = Debug|Any CPU
		{A2479F3D-4C1A-420B-82BF-76653F0B4B1E}.sss|Any CPU.Build.0 = Debug|Any CPU
		{A2479F3D-4C1A-420B-82BF-76653F0B4B1E}.sss|x64.ActiveCfg = Debug|Any CPU
		{A2479F3D-4C1A-420B-82BF-76653F0B4B1E}.sss|x64.Build.0 = Debug|Any CPU
		{A2479F3D-4C1A-420B-82BF-76653F0B4B1E}.sss|x86.ActiveCfg = Debug|Any CPU
		{A2479F3D-4C1A-420B-82BF-76653F0B4B1E}.sss|x86.Build.0 = Debug|Any CPU
		{7B550835-E0DC-4CD2-88F2-8A4A3616F6EB}.Debug|AMD64.ActiveCfg = Debug|Any CPU
		{7B550835-E0DC-4CD2-88F2-8A4A3616F6EB}.Debug|AMD64.Build.0 = Debug|Any CPU
		{7B550835-E0DC-4CD2-88F2-8A4A3616F6EB}.Debug|Any CPU.ActiveCfg = Debug|Any CPU
		{7B550835-E0DC-4CD2-88F2-8A4A3616F6EB}.Debug|Any CPU.Build.0 = Debug|Any CPU
		{7B550835-E0DC-4CD2-88F2-8A4A3616F6EB}.Debug|x64.ActiveCfg = Debug|Any CPU
		{7B550835-E0DC-4CD2-88F2-8A4A3616F6EB}.Debug|x64.Build.0 = Debug|Any CPU
		{7B550835-E0DC-4CD2-88F2-8A4A3616F6EB}.Debug|x86.ActiveCfg = Debug|Any CPU
		{7B550835-E0DC-4CD2-88F2-8A4A3616F6EB}.Debug|x86.Build.0 = Debug|Any CPU
		{7B550835-E0DC-4CD2-88F2-8A4A3616F6EB}.Release|AMD64.ActiveCfg = Release|Any CPU
		{7B550835-E0DC-4CD2-88F2-8A4A3616F6EB}.Release|AMD64.Build.0 = Release|Any CPU
		{7B550835-E0DC-4CD2-88F2-8A4A3616F6EB}.Release|Any CPU.ActiveCfg = Release|Any CPU
		{7B550835-E0DC-4CD2-88F2-8A4A3616F6EB}.Release|Any CPU.Build.0 = Release|Any CPU
		{7B550835-E0DC-4CD2-88F2-8A4A3616F6EB}.Release|x64.ActiveCfg = Release|Any CPU
		{7B550835-E0DC-4CD2-88F2-8A4A3616F6EB}.Release|x64.Build.0 = Release|Any CPU
		{7B550835-E0DC-4CD2-88F2-8A4A3616F6EB}.Release|x86.ActiveCfg = Release|Any CPU
		{7B550835-E0DC-4CD2-88F2-8A4A3616F6EB}.Release|x86.Build.0 = Release|Any CPU
		{7B550835-E0DC-4CD2-88F2-8A4A3616F6EB}.sss|AMD64.ActiveCfg = Debug|Any CPU
		{7B550835-E0DC-4CD2-88F2-8A4A3616F6EB}.sss|AMD64.Build.0 = Debug|Any CPU
		{7B550835-E0DC-4CD2-88F2-8A4A3616F6EB}.sss|Any CPU.ActiveCfg = Debug|Any CPU
		{7B550835-E0DC-4CD2-88F2-8A4A3616F6EB}.sss|Any CPU.Build.0 = Debug|Any CPU
		{7B550835-E0DC-4CD2-88F2-8A4A3616F6EB}.sss|x64.ActiveCfg = Debug|Any CPU
		{7B550835-E0DC-4CD2-88F2-8A4A3616F6EB}.sss|x64.Build.0 = Debug|Any CPU
		{7B550835-E0DC-4CD2-88F2-8A4A3616F6EB}.sss|x86.ActiveCfg = Debug|Any CPU
		{7B550835-E0DC-4CD2-88F2-8A4A3616F6EB}.sss|x86.Build.0 = Debug|Any CPU
		{D6A97F70-4FA8-499D-AA91-470F25EF164A}.Debug|AMD64.ActiveCfg = Debug|Any CPU
		{D6A97F70-4FA8-499D-AA91-470F25EF164A}.Debug|AMD64.Build.0 = Debug|Any CPU
		{D6A97F70-4FA8-499D-AA91-470F25EF164A}.Debug|Any CPU.ActiveCfg = Debug|Any CPU
		{D6A97F70-4FA8-499D-AA91-470F25EF164A}.Debug|Any CPU.Build.0 = Debug|Any CPU
		{D6A97F70-4FA8-499D-AA91-470F25EF164A}.Debug|x64.ActiveCfg = Debug|Any CPU
		{D6A97F70-4FA8-499D-AA91-470F25EF164A}.Debug|x64.Build.0 = Debug|Any CPU
		{D6A97F70-4FA8-499D-AA91-470F25EF164A}.Debug|x86.ActiveCfg = Debug|Any CPU
		{D6A97F70-4FA8-499D-AA91-470F25EF164A}.Debug|x86.Build.0 = Debug|Any CPU
		{D6A97F70-4FA8-499D-AA91-470F25EF164A}.Release|AMD64.ActiveCfg = Release|Any CPU
		{D6A97F70-4FA8-499D-AA91-470F25EF164A}.Release|AMD64.Build.0 = Release|Any CPU
		{D6A97F70-4FA8-499D-AA91-470F25EF164A}.Release|Any CPU.ActiveCfg = Release|Any CPU
		{D6A97F70-4FA8-499D-AA91-470F25EF164A}.Release|Any CPU.Build.0 = Release|Any CPU
		{D6A97F70-4FA8-499D-AA91-470F25EF164A}.Release|x64.ActiveCfg = Release|Any CPU
		{D6A97F70-4FA8-499D-AA91-470F25EF164A}.Release|x64.Build.0 = Release|Any CPU
		{D6A97F70-4FA8-499D-AA91-470F25EF164A}.Release|x86.ActiveCfg = Release|Any CPU
		{D6A97F70-4FA8-499D-AA91-470F25EF164A}.Release|x86.Build.0 = Release|Any CPU
		{D6A97F70-4FA8-499D-AA91-470F25EF164A}.sss|AMD64.ActiveCfg = Debug|Any CPU
		{D6A97F70-4FA8-499D-AA91-470F25EF164A}.sss|AMD64.Build.0 = Debug|Any CPU
		{D6A97F70-4FA8-499D-AA91-470F25EF164A}.sss|Any CPU.ActiveCfg = Debug|Any CPU
		{D6A97F70-4FA8-499D-AA91-470F25EF164A}.sss|Any CPU.Build.0 = Debug|Any CPU
		{D6A97F70-4FA8-499D-AA91-470F25EF164A}.sss|x64.ActiveCfg = Debug|Any CPU
		{D6A97F70-4FA8-499D-AA91-470F25EF164A}.sss|x64.Build.0 = Debug|Any CPU
		{D6A97F70-4FA8-499D-AA91-470F25EF164A}.sss|x86.ActiveCfg = Debug|Any CPU
		{D6A97F70-4FA8-499D-AA91-470F25EF164A}.sss|x86.Build.0 = Debug|Any CPU
	EndGlobalSection
	GlobalSection(SolutionProperties) = preSolution
		HideSolutionNode = FALSE
	EndGlobalSection
	GlobalSection(ExtensibilityGlobals) = postSolution
		SolutionGuid = {48486BCA-975C-4486-8DD0-30BB51DC87D4}
	EndGlobalSection
EndGlobal
